
Microsoft Visual Studio Solution File, Format Version 12.00
# Visual Studio Version 17
VisualStudioVersion = 17.13.35828.75 d17.13
MinimumVisualStudioVersion = 10.0.40219.1
Project("{FAE04EC0-301F-11D3-BF4B-00C04F79EFBC}") = "MatrisKelebek", "MatrisKelebek.csproj", "{744EA2DF-D16D-4143-A8FA-60433D990AFE}"
EndProject
Global
	GlobalSection(SolutionConfigurationPlatforms) = preSolution
		Debug|Any CPU = Debug|Any CPU
		Release|Any CPU = Release|Any CPU
	EndGlobalSection
	GlobalSection(ProjectConfigurationPlatforms) = postSolution
		{744EA2DF-D16D-4143-A8FA-60433D990AFE}.Debug|Any CPU.ActiveCfg = Debug|Any CPU
		{744EA2DF-D16D-4143-A8FA-60433D990AFE}.Debug|Any CPU.Build.0 = Debug|Any CPU
		{744EA2DF-D16D-4143-A8FA-60433D990AFE}.Release|Any CPU.ActiveCfg = Release|Any CPU
		{744EA2DF-D16D-4143-A8FA-60433D990AFE}.Release|Any CPU.Build.0 = Release|Any CPU
	EndGlobalSection
	GlobalSection(SolutionProperties) = preSolution
		HideSolutionNode = FALSE
	EndGlobalSection
	GlobalSection(ExtensibilityGlobals) = postSolution
		SolutionGuid = {90292137-F1C1-4AE5-A587-BB07F91C1957}
	EndGlobalSection
EndGlobal
