
Microsoft Visual Studio Solution File, Format Version 12.00
# Visual Studio Version 17
VisualStudioVersion = 17.13.35828.75 d17.13
MinimumVisualStudioVersion = 10.0.40219.1
Project("{FAE04EC0-301F-11D3-BF4B-00C04F79EFBC}") = "MatrisOluşturma", "MatrisOluşturma.csproj", "{C0D44959-216D-468E-A24E-BB73AE60686D}"
EndProject
Global
	GlobalSection(SolutionConfigurationPlatforms) = preSolution
		Debug|Any CPU = Debug|Any CPU
		Release|Any CPU = Release|Any CPU
	EndGlobalSection
	GlobalSection(ProjectConfigurationPlatforms) = postSolution
		{C0D44959-216D-468E-A24E-BB73AE60686D}.Debug|Any CPU.ActiveCfg = Debug|Any CPU
		{C0D44959-216D-468E-A24E-BB73AE60686D}.Debug|Any CPU.Build.0 = Debug|Any CPU
		{C0D44959-216D-468E-A24E-BB73AE60686D}.Release|Any CPU.ActiveCfg = Release|Any CPU
		{C0D44959-216D-468E-A24E-BB73AE60686D}.Release|Any CPU.Build.0 = Release|Any CPU
	EndGlobalSection
	GlobalSection(SolutionProperties) = preSolution
		HideSolutionNode = FALSE
	EndGlobalSection
	GlobalSection(ExtensibilityGlobals) = postSolution
		SolutionGuid = {A7DC3CF8-2703-4361-A65E-447CF849E884}
	EndGlobalSection
EndGlobal
