
Microsoft Visual Studio Solution File, Format Version 12.00
# Visual Studio Version 17
VisualStudioVersion = 17.13.35828.75 d17.13
MinimumVisualStudioVersion = 10.0.40219.1
Project("{FAE04EC0-301F-11D3-BF4B-00C04F79EFBC}") = "DenklemKöküBulma_DeltaYöntemi", "DenklemKöküBulma_DeltaYöntemi.csproj", "{04BCBCB2-22B0-45F4-9728-D4050B0636F6}"
EndProject
Global
	GlobalSection(SolutionConfigurationPlatforms) = preSolution
		Debug|Any CPU = Debug|Any CPU
		Release|Any CPU = Release|Any CPU
	EndGlobalSection
	GlobalSection(ProjectConfigurationPlatforms) = postSolution
		{04BCBCB2-22B0-45F4-9728-D4050B0636F6}.Debug|Any CPU.ActiveCfg = Debug|Any CPU
		{04BCBCB2-22B0-45F4-9728-D4050B0636F6}.Debug|Any CPU.Build.0 = Debug|Any CPU
		{04BCBCB2-22B0-45F4-9728-D4050B0636F6}.Release|Any CPU.ActiveCfg = Release|Any CPU
		{04BCBCB2-22B0-45F4-9728-D4050B0636F6}.Release|Any CPU.Build.0 = Release|Any CPU
	EndGlobalSection
	GlobalSection(SolutionProperties) = preSolution
		HideSolutionNode = FALSE
	EndGlobalSection
	GlobalSection(ExtensibilityGlobals) = postSolution
		SolutionGuid = {EF164765-2145-44E7-8C5B-22BEDE063C9F}
	EndGlobalSection
EndGlobal
