
Microsoft Visual Studio Solution File, Format Version 12.00
# Visual Studio Version 17
VisualStudioVersion = 17.13.35828.75 d17.13
MinimumVisualStudioVersion = 10.0.40219.1
Project("{FAE04EC0-301F-11D3-BF4B-00C04F79EFBC}") = "ÖrnekSoru1", "ÖrnekSoru1.csproj", "{EB2FD58D-ABF0-424A-9B39-B45CFEDA6452}"
EndProject
Global
	GlobalSection(SolutionConfigurationPlatforms) = preSolution
		Debug|Any CPU = Debug|Any CPU
		Release|Any CPU = Release|Any CPU
	EndGlobalSection
	GlobalSection(ProjectConfigurationPlatforms) = postSolution
		{EB2FD58D-ABF0-424A-9B39-B45CFEDA6452}.Debug|Any CPU.ActiveCfg = Debug|Any CPU
		{EB2FD58D-ABF0-424A-9B39-B45CFEDA6452}.Debug|Any CPU.Build.0 = Debug|Any CPU
		{EB2FD58D-ABF0-424A-9B39-B45CFEDA6452}.Release|Any CPU.ActiveCfg = Release|Any CPU
		{EB2FD58D-ABF0-424A-9B39-B45CFEDA6452}.Release|Any CPU.Build.0 = Release|Any CPU
	EndGlobalSection
	GlobalSection(SolutionProperties) = preSolution
		HideSolutionNode = FALSE
	EndGlobalSection
	GlobalSection(ExtensibilityGlobals) = postSolution
		SolutionGuid = {899292B4-BE1A-4F81-9FA9-F7BC401F154F}
	EndGlobalSection
EndGlobal
