
Microsoft Visual Studio Solution File, Format Version 12.00
# Visual Studio Version 17
VisualStudioVersion = 17.13.35828.75 d17.13
MinimumVisualStudioVersion = 10.0.40219.1
Project("{FAE04EC0-301F-11D3-BF4B-00C04F79EFBC}") = "KöşegenÜstü", "KöşegenÜstü.csproj", "{7CAC4DBD-EC85-4FD1-9C50-24179608BAB2}"
EndProject
Global
	GlobalSection(SolutionConfigurationPlatforms) = preSolution
		Debug|Any CPU = Debug|Any CPU
		Release|Any CPU = Release|Any CPU
	EndGlobalSection
	GlobalSection(ProjectConfigurationPlatforms) = postSolution
		{7CAC4DBD-EC85-4FD1-9C50-24179608BAB2}.Debug|Any CPU.ActiveCfg = Debug|Any CPU
		{7CAC4DBD-EC85-4FD1-9C50-24179608BAB2}.Debug|Any CPU.Build.0 = Debug|Any CPU
		{7CAC4DBD-EC85-4FD1-9C50-24179608BAB2}.Release|Any CPU.ActiveCfg = Release|Any CPU
		{7CAC4DBD-EC85-4FD1-9C50-24179608BAB2}.Release|Any CPU.Build.0 = Release|Any CPU
	EndGlobalSection
	GlobalSection(SolutionProperties) = preSolution
		HideSolutionNode = FALSE
	EndGlobalSection
	GlobalSection(ExtensibilityGlobals) = postSolution
		SolutionGuid = {0D50325B-89B4-4528-9F0D-96EB79CE0F0C}
	EndGlobalSection
EndGlobal
