
Microsoft Visual Studio Solution File, Format Version 12.00
# Visual Studio Version 17
VisualStudioVersion = 17.13.35828.75 d17.13
MinimumVisualStudioVersion = 10.0.40219.1
Project("{FAE04EC0-301F-11D3-BF4B-00C04F79EFBC}") = "Matris_Toplama_Çıkarma_SkalerÇarpım", "Matris_Toplama_Çıkarma_SkalerÇarpım.csproj", "{48C0F611-DCCD-45CF-B967-A478222D8698}"
EndProject
Global
	GlobalSection(SolutionConfigurationPlatforms) = preSolution
		Debug|Any CPU = Debug|Any CPU
		Release|Any CPU = Release|Any CPU
	EndGlobalSection
	GlobalSection(ProjectConfigurationPlatforms) = postSolution
		{48C0F611-DCCD-45CF-B967-A478222D8698}.Debug|Any CPU.ActiveCfg = Debug|Any CPU
		{48C0F611-DCCD-45CF-B967-A478222D8698}.Debug|Any CPU.Build.0 = Debug|Any CPU
		{48C0F611-DCCD-45CF-B967-A478222D8698}.Release|Any CPU.ActiveCfg = Release|Any CPU
		{48C0F611-DCCD-45CF-B967-A478222D8698}.Release|Any CPU.Build.0 = Release|Any CPU
	EndGlobalSection
	GlobalSection(SolutionProperties) = preSolution
		HideSolutionNode = FALSE
	EndGlobalSection
	GlobalSection(ExtensibilityGlobals) = postSolution
		SolutionGuid = {1F146973-6787-4128-B97E-7D3DEE567835}
	EndGlobalSection
EndGlobal
